
Microsoft Visual Studio Solution File, Format Version 12.00
# Visual Studio 15
VisualStudioVersion = 15.0.28010.2036
MinimumVisualStudioVersion = 10.0.40219.1
Project("{9A19103F-16F7-4668-BE54-9A1E7A4F7556}") = "CalculatorLib", "CalculatorLib\CalculatorLib.csproj", "{65C7441A-A285-4B6C-B4BD-B70CAF1A9057}"
EndProject
Project("{FAE04EC0-301F-11D3-BF4B-00C04F79EFBC}") = "CalculatorTests", "CalculatorTests\CalculatorTests.csproj", "{28DABDA2-92C1-4BC5-9E11-A4BF868B0444}"
EndProject
Global
	GlobalSection(SolutionConfigurationPlatforms) = preSolution
		Debug|Any CPU = Debug|Any CPU
		Release|Any CPU = Release|Any CPU
	EndGlobalSection
	GlobalSection(ProjectConfigurationPlatforms) = postSolution
		{65C7441A-A285-4B6C-B4BD-B70CAF1A9057}.Debug|Any CPU.ActiveCfg = Debug|Any CPU
		{65C7441A-A285-4B6C-B4BD-B70CAF1A9057}.Debug|Any CPU.Build.0 = Debug|Any CPU
		{65C7441A-A285-4B6C-B4BD-B70CAF1A9057}.Release|Any CPU.ActiveCfg = Release|Any CPU
		{65C7441A-A285-4B6C-B4BD-B70CAF1A9057}.Release|Any CPU.Build.0 = Release|Any CPU
		{28DABDA2-92C1-4BC5-9E11-A4BF868B0444}.Debug|Any CPU.ActiveCfg = Debug|Any CPU
		{28DABDA2-92C1-4BC5-9E11-A4BF868B0444}.Debug|Any CPU.Build.0 = Debug|Any CPU
		{28DABDA2-92C1-4BC5-9E11-A4BF868B0444}.Release|Any CPU.ActiveCfg = Release|Any CPU
		{28DABDA2-92C1-4BC5-9E11-A4BF868B0444}.Release|Any CPU.Build.0 = Release|Any CPU
	EndGlobalSection
	GlobalSection(SolutionProperties) = preSolution
		HideSolutionNode = FALSE
	EndGlobalSection
	GlobalSection(ExtensibilityGlobals) = postSolution
		SolutionGuid = {8AA55CCE-BB83-4821-8023-C6FEFCA10242}
	EndGlobalSection
EndGlobal
