
Microsoft Visual Studio Solution File, Format Version 12.00
# Visual Studio 15
VisualStudioVersion = 15.0.27703.2042
MinimumVisualStudioVersion = 10.0.40219.1
Project("{FAE04EC0-301F-11D3-BF4B-00C04F79EFBC}") = "WaldoProgram", "WaldoProgram\WaldoProgram.csproj", "{94C00F32-FAEA-44C3-B822-13CE2F778671}"
EndProject
Global
	GlobalSection(SolutionConfigurationPlatforms) = preSolution
		Debug|Any CPU = Debug|Any CPU
		Release|Any CPU = Release|Any CPU
	EndGlobalSection
	GlobalSection(ProjectConfigurationPlatforms) = postSolution
		{94C00F32-FAEA-44C3-B822-13CE2F778671}.Debug|Any CPU.ActiveCfg = Debug|Any CPU
		{94C00F32-FAEA-44C3-B822-13CE2F778671}.Debug|Any CPU.Build.0 = Debug|Any CPU
		{94C00F32-FAEA-44C3-B822-13CE2F778671}.Release|Any CPU.ActiveCfg = Release|Any CPU
		{94C00F32-FAEA-44C3-B822-13CE2F778671}.Release|Any CPU.Build.0 = Release|Any CPU
	EndGlobalSection
	GlobalSection(SolutionProperties) = preSolution
		HideSolutionNode = FALSE
	EndGlobalSection
	GlobalSection(ExtensibilityGlobals) = postSolution
		SolutionGuid = {7A22C608-2C2A-46DC-ADE2-CA9445B0FCAB}
	EndGlobalSection
EndGlobal
